// !$*UTF8*$!
{
	archiveVersion = 1;
	classes = {
	};
	objectVersion = 55;
	objects = {

/* Begin PBXBuildFile section */
		4A6C20202927192600135080 /* BCStopWatchApp.swift in Sources */ = {isa = PBXBuildFile; fileRef = 4A6C20102927192400135080 /* BCStopWatchApp.swift */; };
		4A6C20212927192600135080 /* BCStopWatchApp.swift in Sources */ = {isa = PBXBuildFile; fileRef = 4A6C20102927192400135080 /* BCStopWatchApp.swift */; };
		4A6C20222927192600135080 /* ContentView.swift in Sources */ = {isa = PBXBuildFile; fileRef = 4A6C20112927192400135080 /* ContentView.swift */; };
		4A6C20232927192600135080 /* ContentView.swift in Sources */ = {isa = PBXBuildFile; fileRef = 4A6C20112927192400135080 /* ContentView.swift */; };
		4A6C20242927192600135080 /* Assets.xcassets in Resources */ = {isa = PBXBuildFile; fileRef = 4A6C20122927192600135080 /* Assets.xcassets */; };
		4A6C20252927192600135080 /* Assets.xcassets in Resources */ = {isa = PBXBuildFile; fileRef = 4A6C20122927192600135080 /* Assets.xcassets */; };
		4A6C202F2927B72C00135080 /* StopWatchClass.swift in Sources */ = {isa = PBXBuildFile; fileRef = 4A6C202E2927B72C00135080 /* StopWatchClass.swift */; };
		4A6C20302927B72C00135080 /* StopWatchClass.swift in Sources */ = {isa = PBXBuildFile; fileRef = 4A6C202E2927B72C00135080 /* StopWatchClass.swift */; };
		4A6C20332927B91400135080 /* StoreView.swift in Sources */ = {isa = PBXBuildFile; fileRef = 4A6C20312927B91400135080 /* StoreView.swift */; };
		4A6C20342927B91400135080 /* StoreView.swift in Sources */ = {isa = PBXBuildFile; fileRef = 4A6C20312927B91400135080 /* StoreView.swift */; };
		4A6C20352927B91400135080 /* View.swift in Sources */ = {isa = PBXBuildFile; fileRef = 4A6C20322927B91400135080 /* View.swift */; };
		4A6C20362927B91400135080 /* View.swift in Sources */ = {isa = PBXBuildFile; fileRef = 4A6C20322927B91400135080 /* View.swift */; };
		4A6C20382927B92A00135080 /* FirstLaunch.swift in Sources */ = {isa = PBXBuildFile; fileRef = 4A6C20372927B92A00135080 /* FirstLaunch.swift */; };
		4A6C20392927B92A00135080 /* FirstLaunch.swift in Sources */ = {isa = PBXBuildFile; fileRef = 4A6C20372927B92A00135080 /* FirstLaunch.swift */; };
		4A6C203C292914FF00135080 /* GoogleService-Info.plist in Resources */ = {isa = PBXBuildFile; fileRef = 4A6C203B292914FF00135080 /* GoogleService-Info.plist */; };
		4A6C203D292914FF00135080 /* GoogleService-Info.plist in Resources */ = {isa = PBXBuildFile; fileRef = 4A6C203B292914FF00135080 /* GoogleService-Info.plist */; };
		4A6C20402929156400135080 /* FirebaseAnalytics in Frameworks */ = {isa = PBXBuildFile; productRef = 4A6C203F2929156400135080 /* FirebaseAnalytics */; };
		7DC743311CC1F1F082174352 /* Pods_BCStopWatch__iOS_.framework in Frameworks */ = {isa = PBXBuildFile; fileRef = 9F82DA21544D8D8380209C77 /* Pods_BCStopWatch__iOS_.framework */; };
/* End PBXBuildFile section */

/* Begin PBXFileReference section */
		25E255A32DD063AFB492FA71 /* Pods-BCStopWatch (iOS).debug.xcconfig */ = {isa = PBXFileReference; includeInIndex = 1; lastKnownFileType = text.xcconfig; name = "Pods-BCStopWatch (iOS).debug.xcconfig"; path = "Target Support Files/Pods-BCStopWatch (iOS)/Pods-BCStopWatch (iOS).debug.xcconfig"; sourceTree = "<group>"; };
		4A6C20102927192400135080 /* BCStopWatchApp.swift */ = {isa = PBXFileReference; lastKnownFileType = sourcecode.swift; path = BCStopWatchApp.swift; sourceTree = "<group>"; };
		4A6C20112927192400135080 /* ContentView.swift */ = {isa = PBXFileReference; lastKnownFileType = sourcecode.swift; path = ContentView.swift; sourceTree = "<group>"; };
		4A6C20122927192600135080 /* Assets.xcassets */ = {isa = PBXFileReference; lastKnownFileType = folder.assetcatalog; path = Assets.xcassets; sourceTree = "<group>"; };
		4A6C20172927192600135080 /* BCStopWatch.app */ = {isa = PBXFileReference; explicitFileType = wrapper.application; includeInIndex = 0; path = BCStopWatch.app; sourceTree = BUILT_PRODUCTS_DIR; };
		4A6C201D2927192600135080 /* BCStopWatch.app */ = {isa = PBXFileReference; explicitFileType = wrapper.application; includeInIndex = 0; path = BCStopWatch.app; sourceTree = BUILT_PRODUCTS_DIR; };
		4A6C201F2927192600135080 /* macOS.entitlements */ = {isa = PBXFileReference; lastKnownFileType = text.plist.entitlements; path = macOS.entitlements; sourceTree = "<group>"; };
		4A6C202E2927B72C00135080 /* StopWatchClass.swift */ = {isa = PBXFileReference; fileEncoding = 4; lastKnownFileType = sourcecode.swift; path = StopWatchClass.swift; sourceTree = "<group>"; };
		4A6C20312927B91400135080 /* StoreView.swift */ = {isa = PBXFileReference; fileEncoding = 4; lastKnownFileType = sourcecode.swift; path = StoreView.swift; sourceTree = "<group>"; };
		4A6C20322927B91400135080 /* View.swift */ = {isa = PBXFileReference; fileEncoding = 4; lastKnownFileType = sourcecode.swift; path = View.swift; sourceTree = "<group>"; };
		4A6C20372927B92A00135080 /* FirstLaunch.swift */ = {isa = PBXFileReference; fileEncoding = 4; lastKnownFileType = sourcecode.swift; path = FirstLaunch.swift; sourceTree = "<group>"; };
		4A6C203A2927BE2700135080 /* BCStopWatch--iOS--Info.plist */ = {isa = PBXFileReference; lastKnownFileType = text.plist; path = "BCStopWatch--iOS--Info.plist"; sourceTree = "<group>"; };
		4A6C203B292914FF00135080 /* GoogleService-Info.plist */ = {isa = PBXFileReference; fileEncoding = 4; lastKnownFileType = text.plist.xml; path = "GoogleService-Info.plist"; sourceTree = "<group>"; };
		9F82DA21544D8D8380209C77 /* Pods_BCStopWatch__iOS_.framework */ = {isa = PBXFileReference; explicitFileType = wrapper.framework; includeInIndex = 0; path = Pods_BCStopWatch__iOS_.framework; sourceTree = BUILT_PRODUCTS_DIR; };
		C946A71EF993AF9517A9979D /* Pods-BCStopWatch (iOS).release.xcconfig */ = {isa = PBXFileReference; includeInIndex = 1; lastKnownFileType = text.xcconfig; name = "Pods-BCStopWatch (iOS).release.xcconfig"; path = "Target Support Files/Pods-BCStopWatch (iOS)/Pods-BCStopWatch (iOS).release.xcconfig"; sourceTree = "<group>"; };
/* End PBXFileReference section */

/* Begin PBXFrameworksBuildPhase section */
		4A6C20142927192600135080 /* Frameworks */ = {
			isa = PBXFrameworksBuildPhase;
			buildActionMask = 2147483647;
			files = (
				4A6C20402929156400135080 /* FirebaseAnalytics in Frameworks */,
				7DC743311CC1F1F082174352 /* Pods_BCStopWatch__iOS_.framework in Frameworks */,
			);
			runOnlyForDeploymentPostprocessing = 0;
		};
		4A6C201A2927192600135080 /* Frameworks */ = {
			isa = PBXFrameworksBuildPhase;
			buildActionMask = 2147483647;
			files = (
			);
			runOnlyForDeploymentPostprocessing = 0;
		};
/* End PBXFrameworksBuildPhase section */

/* Begin PBXGroup section */
		01562598C2A8B8617975D453 /* Pods */ = {
			isa = PBXGroup;
			children = (
				25E255A32DD063AFB492FA71 /* Pods-BCStopWatch (iOS).debug.xcconfig */,
				C946A71EF993AF9517A9979D /* Pods-BCStopWatch (iOS).release.xcconfig */,
			);
			path = Pods;
			sourceTree = "<group>";
		};
		4A6C200A2927192400135080 = {
			isa = PBXGroup;
			children = (
				4A6C203A2927BE2700135080 /* BCStopWatch--iOS--Info.plist */,
				4A6C200F2927192400135080 /* Shared */,
				4A6C201E2927192600135080 /* macOS */,
				4A6C20182927192600135080 /* Products */,
				01562598C2A8B8617975D453 /* Pods */,
				8F5990B806E9C48C3EF46C84 /* Frameworks */,
			);
			sourceTree = "<group>";
		};
		4A6C200F2927192400135080 /* Shared */ = {
			isa = PBXGroup;
			children = (
				4A6C203B292914FF00135080 /* GoogleService-Info.plist */,
				4A6C20372927B92A00135080 /* FirstLaunch.swift */,
				4A6C20102927192400135080 /* BCStopWatchApp.swift */,
				4A6C20112927192400135080 /* ContentView.swift */,
				4A6C20322927B91400135080 /* View.swift */,
				4A6C20312927B91400135080 /* StoreView.swift */,
				4A6C202E2927B72C00135080 /* StopWatchClass.swift */,
				4A6C20122927192600135080 /* Assets.xcassets */,
			);
			path = Shared;
			sourceTree = "<group>";
		};
		4A6C20182927192600135080 /* Products */ = {
			isa = PBXGroup;
			children = (
				4A6C20172927192600135080 /* BCStopWatch.app */,
				4A6C201D2927192600135080 /* BCStopWatch.app */,
			);
			name = Products;
			sourceTree = "<group>";
		};
		4A6C201E2927192600135080 /* macOS */ = {
			isa = PBXGroup;
			children = (
				4A6C201F2927192600135080 /* macOS.entitlements */,
			);
			path = macOS;
			sourceTree = "<group>";
		};
		8F5990B806E9C48C3EF46C84 /* Frameworks */ = {
			isa = PBXGroup;
			children = (
				9F82DA21544D8D8380209C77 /* Pods_BCStopWatch__iOS_.framework */,
			);
			name = Frameworks;
			sourceTree = "<group>";
		};
/* End PBXGroup section */

/* Begin PBXNativeTarget section */
		4A6C20162927192600135080 /* BCStopWatch (iOS) */ = {
			isa = PBXNativeTarget;
			buildConfigurationList = 4A6C20282927192600135080 /* Build configuration list for PBXNativeTarget "BCStopWatch (iOS)" */;
			buildPhases = (
				801B350656DF218291BC6D37 /* [CP] Check Pods Manifest.lock */,
				4A6C20132927192600135080 /* Sources */,
				4A6C20142927192600135080 /* Frameworks */,
				4A6C20152927192600135080 /* Resources */,
				781A1554D80D67DD91F3AD39 /* [CP] Embed Pods Frameworks */,
			);
			buildRules = (
			);
			dependencies = (
			);
			name = "BCStopWatch (iOS)";
			packageProductDependencies = (
				4A6C203F2929156400135080 /* FirebaseAnalytics */,
			);
			productName = "BCStopWatch (iOS)";
			productReference = 4A6C20172927192600135080 /* BCStopWatch.app */;
			productType = "com.apple.product-type.application";
		};
		4A6C201C2927192600135080 /* BCStopWatch (macOS) */ = {
			isa = PBXNativeTarget;
			buildConfigurationList = 4A6C202B2927192600135080 /* Build configuration list for PBXNativeTarget "BCStopWatch (macOS)" */;
			buildPhases = (
				4A6C20192927192600135080 /* Sources */,
				4A6C201A2927192600135080 /* Frameworks */,
				4A6C201B2927192600135080 /* Resources */,
			);
			buildRules = (
			);
			dependencies = (
			);
			name = "BCStopWatch (macOS)";
			productName = "BCStopWatch (macOS)";
			productReference = 4A6C201D2927192600135080 /* BCStopWatch.app */;
			productType = "com.apple.product-type.application";
		};
/* End PBXNativeTarget section */

/* Begin PBXProject section */
		4A6C200B2927192400135080 /* Project object */ = {
			isa = PBXProject;
			attributes = {
				BuildIndependentTargetsInParallel = 1;
				LastSwiftUpdateCheck = 1340;
				LastUpgradeCheck = 1340;
				TargetAttributes = {
					4A6C20162927192600135080 = {
						CreatedOnToolsVersion = 13.4.1;
					};
					4A6C201C2927192600135080 = {
						CreatedOnToolsVersion = 13.4.1;
					};
				};
			};
			buildConfigurationList = 4A6C200E2927192400135080 /* Build configuration list for PBXProject "BCStopWatch" */;
			compatibilityVersion = "Xcode 13.0";
			developmentRegion = en;
			hasScannedForEncodings = 0;
			knownRegions = (
				en,
				Base,
			);
			mainGroup = 4A6C200A2927192400135080;
			packageReferences = (
				4A6C203E2929156400135080 /* XCRemoteSwiftPackageReference "firebase-ios-sdk" */,
			);
			productRefGroup = 4A6C20182927192600135080 /* Products */;
			projectDirPath = "";
			projectRoot = "";
			targets = (
				4A6C20162927192600135080 /* BCStopWatch (iOS) */,
				4A6C201C2927192600135080 /* BCStopWatch (macOS) */,
			);
		};
/* End PBXProject section */

/* Begin PBXResourcesBuildPhase section */
		4A6C20152927192600135080 /* Resources */ = {
			isa = PBXResourcesBuildPhase;
			buildActionMask = 2147483647;
			files = (
				4A6C20242927192600135080 /* Assets.xcassets in Resources */,
				4A6C203C292914FF00135080 /* GoogleService-Info.plist in Resources */,
			);
			runOnlyForDeploymentPostprocessing = 0;
		};
		4A6C201B2927192600135080 /* Resources */ = {
			isa = PBXResourcesBuildPhase;
			buildActionMask = 2147483647;
			files = (
				4A6C20252927192600135080 /* Assets.xcassets in Resources */,
				4A6C203D292914FF00135080 /* GoogleService-Info.plist in Resources */,
			);
			runOnlyForDeploymentPostprocessing = 0;
		};
/* End PBXResourcesBuildPhase section */

/* Begin PBXShellScriptBuildPhase section */
		781A1554D80D67DD91F3AD39 /* [CP] Embed Pods Frameworks */ = {
			isa = PBXShellScriptBuildPhase;
			buildActionMask = 2147483647;
			files = (
			);
			inputFileListPaths = (
				"${PODS_ROOT}/Target Support Files/Pods-BCStopWatch (iOS)/Pods-BCStopWatch (iOS)-frameworks-${CONFIGURATION}-input-files.xcfilelist",
			);
			name = "[CP] Embed Pods Frameworks";
			outputFileListPaths = (
				"${PODS_ROOT}/Target Support Files/Pods-BCStopWatch (iOS)/Pods-BCStopWatch (iOS)-frameworks-${CONFIGURATION}-output-files.xcfilelist",
			);
			runOnlyForDeploymentPostprocessing = 0;
			shellPath = /bin/sh;
			shellScript = "\"${PODS_ROOT}/Target Support Files/Pods-BCStopWatch (iOS)/Pods-BCStopWatch (iOS)-frameworks.sh\"\n";
			showEnvVarsInLog = 0;
		};
		801B350656DF218291BC6D37 /* [CP] Check Pods Manifest.lock */ = {
			isa = PBXShellScriptBuildPhase;
			buildActionMask = 2147483647;
			files = (
			);
			inputFileListPaths = (
			);
			inputPaths = (
				"${PODS_PODFILE_DIR_PATH}/Podfile.lock",
				"${PODS_ROOT}/Manifest.lock",
			);
			name = "[CP] Check Pods Manifest.lock";
			outputFileListPaths = (
			);
			outputPaths = (
				"$(DERIVED_FILE_DIR)/Pods-BCStopWatch (iOS)-checkManifestLockResult.txt",
			);
			runOnlyForDeploymentPostprocessing = 0;
			shellPath = /bin/sh;
			shellScript = "diff \"${PODS_PODFILE_DIR_PATH}/Podfile.lock\" \"${PODS_ROOT}/Manifest.lock\" > /dev/null\nif [ $? != 0 ] ; then\n    # print error to STDERR\n    echo \"error: The sandbox is not in sync with the Podfile.lock. Run 'pod install' or update your CocoaPods installation.\" >&2\n    exit 1\nfi\n# This output is used by Xcode 'outputs' to avoid re-running this script phase.\necho \"SUCCESS\" > \"${SCRIPT_OUTPUT_FILE_0}\"\n";
			showEnvVarsInLog = 0;
		};
/* End PBXShellScriptBuildPhase section */

/* Begin PBXSourcesBuildPhase section */
		4A6C20132927192600135080 /* Sources */ = {
			isa = PBXSourcesBuildPhase;
			buildActionMask = 2147483647;
			files = (
				4A6C202F2927B72C00135080 /* StopWatchClass.swift in Sources */,
				4A6C20222927192600135080 /* ContentView.swift in Sources */,
				4A6C20352927B91400135080 /* View.swift in Sources */,
				4A6C20382927B92A00135080 /* FirstLaunch.swift in Sources */,
				4A6C20332927B91400135080 /* StoreView.swift in Sources */,
				4A6C20202927192600135080 /* BCStopWatchApp.swift in Sources */,
			);
			runOnlyForDeploymentPostprocessing = 0;
		};
		4A6C20192927192600135080 /* Sources */ = {
			isa = PBXSourcesBuildPhase;
			buildActionMask = 2147483647;
			files = (
				4A6C20302927B72C00135080 /* StopWatchClass.swift in Sources */,
				4A6C20232927192600135080 /* ContentView.swift in Sources */,
				4A6C20362927B91400135080 /* View.swift in Sources */,
				4A6C20392927B92A00135080 /* FirstLaunch.swift in Sources */,
				4A6C20342927B91400135080 /* StoreView.swift in Sources */,
				4A6C20212927192600135080 /* BCStopWatchApp.swift in Sources */,
			);
			runOnlyForDeploymentPostprocessing = 0;
		};
/* End PBXSourcesBuildPhase section */

/* Begin XCBuildConfiguration section */
		4A6C20262927192600135080 /* Debug */ = {
			isa = XCBuildConfiguration;
			buildSettings = {
				ALWAYS_SEARCH_USER_PATHS = NO;
				CLANG_ANALYZER_NONNULL = YES;
				CLANG_ANALYZER_NUMBER_OBJECT_CONVERSION = YES_AGGRESSIVE;
				CLANG_CXX_LANGUAGE_STANDARD = "gnu++17";
				CLANG_ENABLE_MODULES = YES;
				CLANG_ENABLE_OBJC_ARC = YES;
				CLANG_ENABLE_OBJC_WEAK = YES;
				CLANG_WARN_BLOCK_CAPTURE_AUTORELEASING = YES;
				CLANG_WARN_BOOL_CONVERSION = YES;
				CLANG_WARN_COMMA = YES;
				CLANG_WARN_CONSTANT_CONVERSION = YES;
				CLANG_WARN_DEPRECATED_OBJC_IMPLEMENTATIONS = YES;
				CLANG_WARN_DIRECT_OBJC_ISA_USAGE = YES_ERROR;
				CLANG_WARN_DOCUMENTATION_COMMENTS = YES;
				CLANG_WARN_EMPTY_BODY = YES;
				CLANG_WARN_ENUM_CONVERSION = YES;
				CLANG_WARN_INFINITE_RECURSION = YES;
				CLANG_WARN_INT_CONVERSION = YES;
				CLANG_WARN_NON_LITERAL_NULL_CONVERSION = YES;
				CLANG_WARN_OBJC_IMPLICIT_RETAIN_SELF = YES;
				CLANG_WARN_OBJC_LITERAL_CONVERSION = YES;
				CLANG_WARN_OBJC_ROOT_CLASS = YES_ERROR;
				CLANG_WARN_QUOTED_INCLUDE_IN_FRAMEWORK_HEADER = YES;
				CLANG_WARN_RANGE_LOOP_ANALYSIS = YES;
				CLANG_WARN_STRICT_PROTOTYPES = YES;
				CLANG_WARN_SUSPICIOUS_MOVE = YES;
				CLANG_WARN_UNGUARDED_AVAILABILITY = YES_AGGRESSIVE;
				CLANG_WARN_UNREACHABLE_CODE = YES;
				CLANG_WARN__DUPLICATE_METHOD_MATCH = YES;
				COPY_PHASE_STRIP = NO;
				DEBUG_INFORMATION_FORMAT = dwarf;
				ENABLE_STRICT_OBJC_MSGSEND = YES;
				ENABLE_TESTABILITY = YES;
				GCC_C_LANGUAGE_STANDARD = gnu11;
				GCC_DYNAMIC_NO_PIC = NO;
				GCC_NO_COMMON_BLOCKS = YES;
				GCC_OPTIMIZATION_LEVEL = 0;
				GCC_PREPROCESSOR_DEFINITIONS = (
					"DEBUG=1",
					"$(inherited)",
				);
				GCC_WARN_64_TO_32_BIT_CONVERSION = YES;
				GCC_WARN_ABOUT_RETURN_TYPE = YES_ERROR;
				GCC_WARN_UNDECLARED_SELECTOR = YES;
				GCC_WARN_UNINITIALIZED_AUTOS = YES_AGGRESSIVE;
				GCC_WARN_UNUSED_FUNCTION = YES;
				GCC_WARN_UNUSED_VARIABLE = YES;
				MTL_ENABLE_DEBUG_INFO = INCLUDE_SOURCE;
				MTL_FAST_MATH = YES;
				ONLY_ACTIVE_ARCH = YES;
				SWIFT_ACTIVE_COMPILATION_CONDITIONS = DEBUG;
				SWIFT_OPTIMIZATION_LEVEL = "-Onone";
			};
			name = Debug;
		};
		4A6C20272927192600135080 /* Release */ = {
			isa = XCBuildConfiguration;
			buildSettings = {
				ALWAYS_SEARCH_USER_PATHS = NO;
				CLANG_ANALYZER_NONNULL = YES;
				CLANG_ANALYZER_NUMBER_OBJECT_CONVERSION = YES_AGGRESSIVE;
				CLANG_CXX_LANGUAGE_STANDARD = "gnu++17";
				CLANG_ENABLE_MODULES = YES;
				CLANG_ENABLE_OBJC_ARC = YES;
				CLANG_ENABLE_OBJC_WEAK = YES;
				CLANG_WARN_BLOCK_CAPTURE_AUTORELEASING = YES;
				CLANG_WARN_BOOL_CONVERSION = YES;
				CLANG_WARN_COMMA = YES;
				CLANG_WARN_CONSTANT_CONVERSION = YES;
				CLANG_WARN_DEPRECATED_OBJC_IMPLEMENTATIONS = YES;
				CLANG_WARN_DIRECT_OBJC_ISA_USAGE = YES_ERROR;
				CLANG_WARN_DOCUMENTATION_COMMENTS = YES;
				CLANG_WARN_EMPTY_BODY = YES;
				CLANG_WARN_ENUM_CONVERSION = YES;
				CLANG_WARN_INFINITE_RECURSION = YES;
				CLANG_WARN_INT_CONVERSION = YES;
				CLANG_WARN_NON_LITERAL_NULL_CONVERSION = YES;
				CLANG_WARN_OBJC_IMPLICIT_RETAIN_SELF = YES;
				CLANG_WARN_OBJC_LITERAL_CONVERSION = YES;
				CLANG_WARN_OBJC_ROOT_CLASS = YES_ERROR;
				CLANG_WARN_QUOTED_INCLUDE_IN_FRAMEWORK_HEADER = YES;
				CLANG_WARN_RANGE_LOOP_ANALYSIS = YES;
				CLANG_WARN_STRICT_PROTOTYPES = YES;
				CLANG_WARN_SUSPICIOUS_MOVE = YES;
				CLANG_WARN_UNGUARDED_AVAILABILITY = YES_AGGRESSIVE;
				CLANG_WARN_UNREACHABLE_CODE = YES;
				CLANG_WARN__DUPLICATE_METHOD_MATCH = YES;
				COPY_PHASE_STRIP = NO;
				DEBUG_INFORMATION_FORMAT = "dwarf-with-dsym";
				ENABLE_NS_ASSERTIONS = NO;
				ENABLE_STRICT_OBJC_MSGSEND = YES;
				GCC_C_LANGUAGE_STANDARD = gnu11;
				GCC_NO_COMMON_BLOCKS = YES;
				GCC_WARN_64_TO_32_BIT_CONVERSION = YES;
				GCC_WARN_ABOUT_RETURN_TYPE = YES_ERROR;
				GCC_WARN_UNDECLARED_SELECTOR = YES;
				GCC_WARN_UNINITIALIZED_AUTOS = YES_AGGRESSIVE;
				GCC_WARN_UNUSED_FUNCTION = YES;
				GCC_WARN_UNUSED_VARIABLE = YES;
				MTL_ENABLE_DEBUG_INFO = NO;
				MTL_FAST_MATH = YES;
				SWIFT_COMPILATION_MODE = wholemodule;
				SWIFT_OPTIMIZATION_LEVEL = "-O";
			};
			name = Release;
		};
		4A6C20292927192600135080 /* Debug */ = {
			isa = XCBuildConfiguration;
			baseConfigurationReference = 25E255A32DD063AFB492FA71 /* Pods-BCStopWatch (iOS).debug.xcconfig */;
			buildSettings = {
				ASSETCATALOG_COMPILER_APPICON_NAME = AppIcon;
				ASSETCATALOG_COMPILER_GLOBAL_ACCENT_COLOR_NAME = AccentColor;
				CODE_SIGN_STYLE = Automatic;
				CURRENT_PROJECT_VERSION = 3;
				DEVELOPMENT_TEAM = TGPVYURU8B;
				ENABLE_PREVIEWS = YES;
				GENERATE_INFOPLIST_FILE = YES;
				INFOPLIST_FILE = "BCStopWatch--iOS--Info.plist";
				INFOPLIST_KEY_CFBundleDisplayName = LiveWatch;
				INFOPLIST_KEY_NSUserTrackingUsageDescription = "「許可」するとあなたに無関係な広告が表示されにくくなります。（許可しなくてもアプリの全ての機能は利用可能です。）";
				INFOPLIST_KEY_UIApplicationSceneManifest_Generation = YES;
				INFOPLIST_KEY_UIApplicationSupportsIndirectInputEvents = YES;
				INFOPLIST_KEY_UILaunchScreen_Generation = YES;
				INFOPLIST_KEY_UISupportedInterfaceOrientations = "UIInterfaceOrientationLandscapeLeft UIInterfaceOrientationLandscapeRight";
				INFOPLIST_KEY_UISupportedInterfaceOrientations_iPad = "UIInterfaceOrientationPortrait UIInterfaceOrientationPortraitUpsideDown UIInterfaceOrientationLandscapeLeft UIInterfaceOrientationLandscapeRight";
				INFOPLIST_KEY_UISupportedInterfaceOrientations_iPhone = "UIInterfaceOrientationLandscapeLeft UIInterfaceOrientationLandscapeRight";
				INFOPLIST_KEY_UIUserInterfaceStyle = Light;
				IPHONEOS_DEPLOYMENT_TARGET = 15.0;
				LD_RUNPATH_SEARCH_PATHS = (
					"$(inherited)",
					"@executable_path/Frameworks",
				);
				MARKETING_VERSION = 1.0.1;
				PRODUCT_BUNDLE_IDENTIFIER = com.haya.BCSW.BCStopWatch;
				PRODUCT_NAME = BCStopWatch;
				SDKROOT = iphoneos;
				SWIFT_EMIT_LOC_STRINGS = YES;
				SWIFT_VERSION = 5.0;
				TARGETED_DEVICE_FAMILY = 1;
			};
			name = Debug;
		};
		4A6C202A2927192600135080 /* Release */ = {
			isa = XCBuildConfiguration;
			baseConfigurationReference = C946A71EF993AF9517A9979D /* Pods-BCStopWatch (iOS).release.xcconfig */;
			buildSettings = {
				ASSETCATALOG_COMPILER_APPICON_NAME = AppIcon;
				ASSETCATALOG_COMPILER_GLOBAL_ACCENT_COLOR_NAME = AccentColor;
				CODE_SIGN_STYLE = Automatic;
				CURRENT_PROJECT_VERSION = 3;
				DEVELOPMENT_TEAM = TGPVYURU8B;
				ENABLE_PREVIEWS = YES;
				GENERATE_INFOPLIST_FILE = YES;
				INFOPLIST_FILE = "BCStopWatch--iOS--Info.plist";
				INFOPLIST_KEY_CFBundleDisplayName = LiveWatch;
				INFOPLIST_KEY_NSUserTrackingUsageDescription = "「許可」するとあなたに無関係な広告が表示されにくくなります。（許可しなくてもアプリの全ての機能は利用可能です。）";
				INFOPLIST_KEY_UIApplicationSceneManifest_Generation = YES;
				INFOPLIST_KEY_UIApplicationSupportsIndirectInputEvents = YES;
				INFOPLIST_KEY_UILaunchScreen_Generation = YES;
				INFOPLIST_KEY_UISupportedInterfaceOrientations = "UIInterfaceOrientationLandscapeLeft UIInterfaceOrientationLandscapeRight";
				INFOPLIST_KEY_UISupportedInterfaceOrientations_iPad = "UIInterfaceOrientationPortrait UIInterfaceOrientationPortraitUpsideDown UIInterfaceOrientationLandscapeLeft UIInterfaceOrientationLandscapeRight";
				INFOPLIST_KEY_UISupportedInterfaceOrientations_iPhone = "UIInterfaceOrientationLandscapeLeft UIInterfaceOrientationLandscapeRight";
				INFOPLIST_KEY_UIUserInterfaceStyle = Light;
				IPHONEOS_DEPLOYMENT_TARGET = 15.0;
				LD_RUNPATH_SEARCH_PATHS = (
					"$(inherited)",
					"@executable_path/Frameworks",
				);
				MARKETING_VERSION = 1.0.1;
				PRODUCT_BUNDLE_IDENTIFIER = com.haya.BCSW.BCStopWatch;
				PRODUCT_NAME = BCStopWatch;
				SDKROOT = iphoneos;
				SWIFT_EMIT_LOC_STRINGS = YES;
				SWIFT_VERSION = 5.0;
				TARGETED_DEVICE_FAMILY = 1;
				VALIDATE_PRODUCT = YES;
			};
			name = Release;
		};
		4A6C202C2927192600135080 /* Debug */ = {
			isa = XCBuildConfiguration;
			buildSettings = {
				ASSETCATALOG_COMPILER_APPICON_NAME = AppIcon;
				ASSETCATALOG_COMPILER_GLOBAL_ACCENT_COLOR_NAME = AccentColor;
				CODE_SIGN_ENTITLEMENTS = macOS/macOS.entitlements;
				CODE_SIGN_STYLE = Automatic;
				COMBINE_HIDPI_IMAGES = YES;
				CURRENT_PROJECT_VERSION = 1;
				DEVELOPMENT_TEAM = TGPVYURU8B;
				ENABLE_HARDENED_RUNTIME = YES;
				ENABLE_PREVIEWS = YES;
				GENERATE_INFOPLIST_FILE = YES;
				INFOPLIST_KEY_NSHumanReadableCopyright = "";
				LD_RUNPATH_SEARCH_PATHS = (
					"$(inherited)",
					"@executable_path/../Frameworks",
				);
				MACOSX_DEPLOYMENT_TARGET = 12.3;
				MARKETING_VERSION = 1.0;
				PRODUCT_BUNDLE_IDENTIFIER = com.haya.BCSW.BCStopWatch;
				PRODUCT_NAME = BCStopWatch;
				SDKROOT = macosx;
				SWIFT_EMIT_LOC_STRINGS = YES;
				SWIFT_VERSION = 5.0;
			};
			name = Debug;
		};
		4A6C202D2927192600135080 /* Release */ = {
			isa = XCBuildConfiguration;
			buildSettings = {
				ASSETCATALOG_COMPILER_APPICON_NAME = AppIcon;
				ASSETCATALOG_COMPILER_GLOBAL_ACCENT_COLOR_NAME = AccentColor;
				CODE_SIGN_ENTITLEMENTS = macOS/macOS.entitlements;
				CODE_SIGN_STYLE = Automatic;
				COMBINE_HIDPI_IMAGES = YES;
				CURRENT_PROJECT_VERSION = 1;
				DEVELOPMENT_TEAM = TGPVYURU8B;
				ENABLE_HARDENED_RUNTIME = YES;
				ENABLE_PREVIEWS = YES;
				GENERATE_INFOPLIST_FILE = YES;
				INFOPLIST_KEY_NSHumanReadableCopyright = "";
				LD_RUNPATH_SEARCH_PATHS = (
					"$(inherited)",
					"@executable_path/../Frameworks",
				);
				MACOSX_DEPLOYMENT_TARGET = 12.3;
				MARKETING_VERSION = 1.0;
				PRODUCT_BUNDLE_IDENTIFIER = com.haya.BCSW.BCStopWatch;
				PRODUCT_NAME = BCStopWatch;
				SDKROOT = macosx;
				SWIFT_EMIT_LOC_STRINGS = YES;
				SWIFT_VERSION = 5.0;
			};
			name = Release;
		};
/* End XCBuildConfiguration section */

/* Begin XCConfigurationList section */
		4A6C200E2927192400135080 /* Build configuration list for PBXProject "BCStopWatch" */ = {
			isa = XCConfigurationList;
			buildConfigurations = (
				4A6C20262927192600135080 /* Debug */,
				4A6C20272927192600135080 /* Release */,
			);
			defaultConfigurationIsVisible = 0;
			defaultConfigurationName = Release;
		};
		4A6C20282927192600135080 /* Build configuration list for PBXNativeTarget "BCStopWatch (iOS)" */ = {
			isa = XCConfigurationList;
			buildConfigurations = (
				4A6C20292927192600135080 /* Debug */,
				4A6C202A2927192600135080 /* Release */,
			);
			defaultConfigurationIsVisible = 0;
			defaultConfigurationName = Release;
		};
		4A6C202B2927192600135080 /* Build configuration list for PBXNativeTarget "BCStopWatch (macOS)" */ = {
			isa = XCConfigurationList;
			buildConfigurations = (
				4A6C202C2927192600135080 /* Debug */,
				4A6C202D2927192600135080 /* Release */,
			);
			defaultConfigurationIsVisible = 0;
			defaultConfigurationName = Release;
		};
/* End XCConfigurationList section */

/* Begin XCRemoteSwiftPackageReference section */
		4A6C203E2929156400135080 /* XCRemoteSwiftPackageReference "firebase-ios-sdk" */ = {
			isa = XCRemoteSwiftPackageReference;
			repositoryURL = "https://github.com/firebase/firebase-ios-sdk";
			requirement = {
				kind = upToNextMajorVersion;
				minimumVersion = 9.0.0;
			};
		};
/* End XCRemoteSwiftPackageReference section */

/* Begin XCSwiftPackageProductDependency section */
		4A6C203F2929156400135080 /* FirebaseAnalytics */ = {
			isa = XCSwiftPackageProductDependency;
			package = 4A6C203E2929156400135080 /* XCRemoteSwiftPackageReference "firebase-ios-sdk" */;
			productName = FirebaseAnalytics;
		};
/* End XCSwiftPackageProductDependency section */
	};
	rootObject = 4A6C200B2927192400135080 /* Project object */;
}
